{
  "name": "mcp-server",
  "version": "1.0.0",
  "lockfileVersion": 3,
  "requires": true,
  "packages": {
    "": {
      "name": "mcp-server",
      "version": "1.0.0",
      "hasInstallScript": true,
      "license": "MIT",
      "bin": {
        "mcp-install": "install.js"
      },
      "engines": {
        "node": ">=12.0.0"
      }
    }
  }
}
